{
  "name": "chromium-dl",
  "version": "1.0.0",
  "lockfileVersion": 1,
  "requires": true,
  "dependencies": {
    "anchorme": {
      "version": "1.1.2",
      "resolved": "https://registry.npmjs.org/anchorme/-/anchorme-1.1.2.tgz",
      "integrity": "sha1-hhEjhCGeUwpTHls4Dxay/lStoIo="
    }
  }
}
